
Microsoft Visual Studio Solution File, Format Version 12.00
# Visual Studio Version 17
VisualStudioVersion = 17.14.36511.14
MinimumVisualStudioVersion = 10.0.40219.1
Project("{2150E333-8FDC-42A3-9474-1A3956D46DE8}") = "Task0", "Task0", "{02EA681E-C7D8-13C7-8484-4AC65E1B71E8}"
EndProject
Project("{FAE04EC0-301F-11D3-BF4B-00C04F79EFBC}") = "Tyuiu.BatTI.Sprint0.Task0.V0", "Tyuiu.BatTI.Sprint0.Task0.V0\Tyuiu.BatTI.Sprint0.Task0.V0.csproj", "{14C0BF00-3A72-49B3-8CCB-A89A98C3EA16}"
EndProject
Project("{2150E333-8FDC-42A3-9474-1A3956D46DE8}") = "Task1", "Task1", "{0C94B223-3095-4B08-A11B-253086D82DBA}"
EndProject
Project("{FAE04EC0-301F-11D3-BF4B-00C04F79EFBC}") = "Tyuiu.BatTI.Sprint0.Task1.V0", "Tyuiu.BatTI.Sprint0.Task1.V0\Tyuiu.BatTI.Sprint0.Task1.V0.csproj", "{1DC921EE-81B2-4531-BA12-A28CE1A1294D}"
EndProject
Project("{2150E333-8FDC-42A3-9474-1A3956D46DE8}") = "Task2", "Task2", "{EE66281C-D4B4-4B50-8FF7-19F90BF3E39F}"
EndProject
Project("{FAE04EC0-301F-11D3-BF4B-00C04F79EFBC}") = "Tyuiu.BatTI.Sprint0.Task2.V0", "Tyuiu.BatTI.Sprint0.Task2.V0\Tyuiu.BatTI.Sprint0.Task2.V0.csproj", "{639AA642-7797-4300-9F8A-DBEB01EC3803}"
EndProject
Project("{FAE04EC0-301F-11D3-BF4B-00C04F79EFBC}") = "Tyuiu.BatTI.Sprint0.Task2.V0.Lib", "Tyuiu.BatTI.Sprint0.Task2.V0.Lib\Tyuiu.BatTI.Sprint0.Task2.V0.Lib.csproj", "{9C3CE69C-002E-439E-A2C2-C903B9107DB4}"
EndProject
Project("{FAE04EC0-301F-11D3-BF4B-00C04F79EFBC}") = "Tyuiu.BatTI.Sprint0.Task2.V0.Test", "Tyuiu.BatTI.Sprint0.Task2.V0.Test\Tyuiu.BatTI.Sprint0.Task2.V0.Test.csproj", "{1977890C-0CE4-4B76-8DC6-B23158CE068D}"
EndProject
Project("{2150E333-8FDC-42A3-9474-1A3956D46DE8}") = "Task3", "Task3", "{B37368D2-E7F7-4B71-A402-4F6D03631D89}"
EndProject
Project("{FAE04EC0-301F-11D3-BF4B-00C04F79EFBC}") = "Tyuiu.BatTI.Sprint0.Task3.V0", "Tyuiu.BatTI.Sprint0.Task3.V0\Tyuiu.BatTI.Sprint0.Task3.V0.csproj", "{44C8C238-5F46-4E82-9719-1C56FE6D8B81}"
EndProject
Project("{FAE04EC0-301F-11D3-BF4B-00C04F79EFBC}") = "Tyuiu.BatTI.Sprint0.Task3.V0.Lib", "Tyuiu.BatTI.Sprint0.Task3.V0.Lib\Tyuiu.BatTI.Sprint0.Task3.V0.Lib.csproj", "{A16DB731-BB74-42A6-83C3-01A2D22D38CD}"
EndProject
Project("{FAE04EC0-301F-11D3-BF4B-00C04F79EFBC}") = "Tyuiu.BatTI.Sprint0.Task3.V0.Test", "Tyuiu.BatTI.Sprint0.Task3.V0.Test\Tyuiu.BatTI.Sprint0.Task3.V0.Test.csproj", "{99D6A2D1-02DE-401D-8746-844D4E73136E}"
EndProject
Project("{2150E333-8FDC-42A3-9474-1A3956D46DE8}") = "Task4", "Task4", "{D5CA6DBC-28BD-4244-AA40-5D6EBBBC739A}"
EndProject
Project("{FAE04EC0-301F-11D3-BF4B-00C04F79EFBC}") = "Tyuiu.BatTI.Sprint0.Task4.V0", "Tyuiu.BatTI.Sprint0.Task4.V0\Tyuiu.BatTI.Sprint0.Task4.V0.csproj", "{E02BBD55-F1C6-4866-BFBF-2C752E501B55}"
EndProject
Project("{FAE04EC0-301F-11D3-BF4B-00C04F79EFBC}") = "Tyuiu.BatTI.Sprint0.Task4.V0.Lib", "Tyuiu.BatTI.Sprint0.Task4.V0.Lib\Tyuiu.BatTI.Sprint0.Task4.V0.Lib.csproj", "{0AE2DF1C-3B0E-4BF3-988D-D9AD6185DE29}"
EndProject
Project("{FAE04EC0-301F-11D3-BF4B-00C04F79EFBC}") = "Tyuiu.BatTI.Sprint0.Task4.V0.Test", "Tyuiu.BatTI.Sprint0.Task4.V0.Test\Tyuiu.BatTI.Sprint0.Task4.V0.Test.csproj", "{ACD49696-42FA-4F42-9B70-A0E94A0313E4}"
EndProject
Global
	GlobalSection(SolutionConfigurationPlatforms) = preSolution
		Debug|Any CPU = Debug|Any CPU
		Release|Any CPU = Release|Any CPU
	EndGlobalSection
	GlobalSection(ProjectConfigurationPlatforms) = postSolution
		{14C0BF00-3A72-49B3-8CCB-A89A98C3EA16}.Debug|Any CPU.ActiveCfg = Debug|Any CPU
		{14C0BF00-3A72-49B3-8CCB-A89A98C3EA16}.Debug|Any CPU.Build.0 = Debug|Any CPU
		{14C0BF00-3A72-49B3-8CCB-A89A98C3EA16}.Release|Any CPU.ActiveCfg = Release|Any CPU
		{14C0BF00-3A72-49B3-8CCB-A89A98C3EA16}.Release|Any CPU.Build.0 = Release|Any CPU
		{1DC921EE-81B2-4531-BA12-A28CE1A1294D}.Debug|Any CPU.ActiveCfg = Debug|Any CPU
		{1DC921EE-81B2-4531-BA12-A28CE1A1294D}.Debug|Any CPU.Build.0 = Debug|Any CPU
		{1DC921EE-81B2-4531-BA12-A28CE1A1294D}.Release|Any CPU.ActiveCfg = Release|Any CPU
		{1DC921EE-81B2-4531-BA12-A28CE1A1294D}.Release|Any CPU.Build.0 = Release|Any CPU
		{639AA642-7797-4300-9F8A-DBEB01EC3803}.Debug|Any CPU.ActiveCfg = Debug|Any CPU
		{639AA642-7797-4300-9F8A-DBEB01EC3803}.Debug|Any CPU.Build.0 = Debug|Any CPU
		{639AA642-7797-4300-9F8A-DBEB01EC3803}.Release|Any CPU.ActiveCfg = Release|Any CPU
		{639AA642-7797-4300-9F8A-DBEB01EC3803}.Release|Any CPU.Build.0 = Release|Any CPU
		{9C3CE69C-002E-439E-A2C2-C903B9107DB4}.Debug|Any CPU.ActiveCfg = Debug|Any CPU
		{9C3CE69C-002E-439E-A2C2-C903B9107DB4}.Debug|Any CPU.Build.0 = Debug|Any CPU
		{9C3CE69C-002E-439E-A2C2-C903B9107DB4}.Release|Any CPU.ActiveCfg = Release|Any CPU
		{9C3CE69C-002E-439E-A2C2-C903B9107DB4}.Release|Any CPU.Build.0 = Release|Any CPU
		{1977890C-0CE4-4B76-8DC6-B23158CE068D}.Debug|Any CPU.ActiveCfg = Debug|Any CPU
		{1977890C-0CE4-4B76-8DC6-B23158CE068D}.Debug|Any CPU.Build.0 = Debug|Any CPU
		{1977890C-0CE4-4B76-8DC6-B23158CE068D}.Release|Any CPU.ActiveCfg = Release|Any CPU
		{1977890C-0CE4-4B76-8DC6-B23158CE068D}.Release|Any CPU.Build.0 = Release|Any CPU
		{44C8C238-5F46-4E82-9719-1C56FE6D8B81}.Debug|Any CPU.ActiveCfg = Debug|Any CPU
		{44C8C238-5F46-4E82-9719-1C56FE6D8B81}.Debug|Any CPU.Build.0 = Debug|Any CPU
		{44C8C238-5F46-4E82-9719-1C56FE6D8B81}.Release|Any CPU.ActiveCfg = Release|Any CPU
		{44C8C238-5F46-4E82-9719-1C56FE6D8B81}.Release|Any CPU.Build.0 = Release|Any CPU
		{A16DB731-BB74-42A6-83C3-01A2D22D38CD}.Debug|Any CPU.ActiveCfg = Debug|Any CPU
		{A16DB731-BB74-42A6-83C3-01A2D22D38CD}.Debug|Any CPU.Build.0 = Debug|Any CPU
		{A16DB731-BB74-42A6-83C3-01A2D22D38CD}.Release|Any CPU.ActiveCfg = Release|Any CPU
		{A16DB731-BB74-42A6-83C3-01A2D22D38CD}.Release|Any CPU.Build.0 = Release|Any CPU
		{99D6A2D1-02DE-401D-8746-844D4E73136E}.Debug|Any CPU.ActiveCfg = Debug|Any CPU
		{99D6A2D1-02DE-401D-8746-844D4E73136E}.Debug|Any CPU.Build.0 = Debug|Any CPU
		{99D6A2D1-02DE-401D-8746-844D4E73136E}.Release|Any CPU.ActiveCfg = Release|Any CPU
		{99D6A2D1-02DE-401D-8746-844D4E73136E}.Release|Any CPU.Build.0 = Release|Any CPU
		{E02BBD55-F1C6-4866-BFBF-2C752E501B55}.Debug|Any CPU.ActiveCfg = Debug|Any CPU
		{E02BBD55-F1C6-4866-BFBF-2C752E501B55}.Debug|Any CPU.Build.0 = Debug|Any CPU
		{E02BBD55-F1C6-4866-BFBF-2C752E501B55}.Release|Any CPU.ActiveCfg = Release|Any CPU
		{E02BBD55-F1C6-4866-BFBF-2C752E501B55}.Release|Any CPU.Build.0 = Release|Any CPU
		{0AE2DF1C-3B0E-4BF3-988D-D9AD6185DE29}.Debug|Any CPU.ActiveCfg = Debug|Any CPU
		{0AE2DF1C-3B0E-4BF3-988D-D9AD6185DE29}.Debug|Any CPU.Build.0 = Debug|Any CPU
		{0AE2DF1C-3B0E-4BF3-988D-D9AD6185DE29}.Release|Any CPU.ActiveCfg = Release|Any CPU
		{0AE2DF1C-3B0E-4BF3-988D-D9AD6185DE29}.Release|Any CPU.Build.0 = Release|Any CPU
		{ACD49696-42FA-4F42-9B70-A0E94A0313E4}.Debug|Any CPU.ActiveCfg = Debug|Any CPU
		{ACD49696-42FA-4F42-9B70-A0E94A0313E4}.Debug|Any CPU.Build.0 = Debug|Any CPU
		{ACD49696-42FA-4F42-9B70-A0E94A0313E4}.Release|Any CPU.ActiveCfg = Release|Any CPU
		{ACD49696-42FA-4F42-9B70-A0E94A0313E4}.Release|Any CPU.Build.0 = Release|Any CPU
	EndGlobalSection
	GlobalSection(SolutionProperties) = preSolution
		HideSolutionNode = FALSE
	EndGlobalSection
	GlobalSection(NestedProjects) = preSolution
		{14C0BF00-3A72-49B3-8CCB-A89A98C3EA16} = {02EA681E-C7D8-13C7-8484-4AC65E1B71E8}
		{1DC921EE-81B2-4531-BA12-A28CE1A1294D} = {0C94B223-3095-4B08-A11B-253086D82DBA}
		{639AA642-7797-4300-9F8A-DBEB01EC3803} = {EE66281C-D4B4-4B50-8FF7-19F90BF3E39F}
		{9C3CE69C-002E-439E-A2C2-C903B9107DB4} = {EE66281C-D4B4-4B50-8FF7-19F90BF3E39F}
		{1977890C-0CE4-4B76-8DC6-B23158CE068D} = {EE66281C-D4B4-4B50-8FF7-19F90BF3E39F}
		{44C8C238-5F46-4E82-9719-1C56FE6D8B81} = {B37368D2-E7F7-4B71-A402-4F6D03631D89}
		{A16DB731-BB74-42A6-83C3-01A2D22D38CD} = {B37368D2-E7F7-4B71-A402-4F6D03631D89}
		{99D6A2D1-02DE-401D-8746-844D4E73136E} = {B37368D2-E7F7-4B71-A402-4F6D03631D89}
		{E02BBD55-F1C6-4866-BFBF-2C752E501B55} = {D5CA6DBC-28BD-4244-AA40-5D6EBBBC739A}
		{0AE2DF1C-3B0E-4BF3-988D-D9AD6185DE29} = {D5CA6DBC-28BD-4244-AA40-5D6EBBBC739A}
		{ACD49696-42FA-4F42-9B70-A0E94A0313E4} = {D5CA6DBC-28BD-4244-AA40-5D6EBBBC739A}
	EndGlobalSection
	GlobalSection(ExtensibilityGlobals) = postSolution
		SolutionGuid = {AF5E8D74-82AC-471E-9D81-5186A3CB9037}
	EndGlobalSection
EndGlobal
